// !$*UTF8*$!
{
	archiveVersion = 1;
	classes = {
	};
	objectVersion = 77;
	objects = {

/* Begin PBXContainerItemProxy section */
		304DBA572D3BF835008732E9 /* PBXContainerItemProxy */ = {
			isa = PBXContainerItemProxy;
			containerPortal = 304DBA3E2D3BF834008732E9 /* Project object */;
			proxyType = 1;
			remoteGlobalIDString = 304DBA452D3BF834008732E9;
			remoteInfo = FlickrIMG;
		};
		304DBA612D3BF835008732E9 /* PBXContainerItemProxy */ = {
			isa = PBXContainerItemProxy;
			containerPortal = 304DBA3E2D3BF834008732E9 /* Project object */;
			proxyType = 1;
			remoteGlobalIDString = 304DBA452D3BF834008732E9;
			remoteInfo = FlickrIMG;
		};
/* End PBXContainerItemProxy section */

/* Begin PBXFileReference section */
		304DBA462D3BF834008732E9 /* FlickrIMG.app */ = {isa = PBXFileReference; explicitFileType = wrapper.application; includeInIndex = 0; path = FlickrIMG.app; sourceTree = BUILT_PRODUCTS_DIR; };
		304DBA562D3BF835008732E9 /* FlickrIMGTests.xctest */ = {isa = PBXFileReference; explicitFileType = wrapper.cfbundle; includeInIndex = 0; path = FlickrIMGTests.xctest; sourceTree = BUILT_PRODUCTS_DIR; };
		304DBA602D3BF835008732E9 /* FlickrIMGUITests.xctest */ = {isa = PBXFileReference; explicitFileType = wrapper.cfbundle; includeInIndex = 0; path = FlickrIMGUITests.xctest; sourceTree = BUILT_PRODUCTS_DIR; };
/* End PBXFileReference section */

/* Begin PBXFileSystemSynchronizedBuildFileExceptionSet section */
		304DBA9D2D3C0FD7008732E9 /* Exceptions for "FlickrIMGTests" folder in "FlickrIMG" target */ = {
			isa = PBXFileSystemSynchronizedBuildFileExceptionSet;
			membershipExceptions = (
				Data/FlickrResponse.json,
			);
			target = 304DBA452D3BF834008732E9 /* FlickrIMG */;
		};
		304DBA9E2D3C0FD7008732E9 /* Exceptions for "FlickrIMGTests" folder in "FlickrIMGTests" target */ = {
			isa = PBXFileSystemSynchronizedBuildFileExceptionSet;
			membershipExceptions = (
				Data/FlickrResponse.json,
			);
			target = 304DBA552D3BF835008732E9 /* FlickrIMGTests */;
		};
/* End PBXFileSystemSynchronizedBuildFileExceptionSet section */

/* Begin PBXFileSystemSynchronizedRootGroup section */
		304DBA482D3BF834008732E9 /* FlickrIMG */ = {
			isa = PBXFileSystemSynchronizedRootGroup;
			path = FlickrIMG;
			sourceTree = "<group>";
		};
		304DBA592D3BF835008732E9 /* FlickrIMGTests */ = {
			isa = PBXFileSystemSynchronizedRootGroup;
			exceptions = (
				304DBA9D2D3C0FD7008732E9 /* Exceptions for "FlickrIMGTests" folder in "FlickrIMG" target */,
				304DBA9E2D3C0FD7008732E9 /* Exceptions for "FlickrIMGTests" folder in "FlickrIMGTests" target */,
			);
			path = FlickrIMGTests;
			sourceTree = "<group>";
		};
		304DBA632D3BF835008732E9 /* FlickrIMGUITests */ = {
			isa = PBXFileSystemSynchronizedRootGroup;
			path = FlickrIMGUITests;
			sourceTree = "<group>";
		};
/* End PBXFileSystemSynchronizedRootGroup section */

/* Begin PBXFrameworksBuildPhase section */
		304DBA432D3BF834008732E9 /* Frameworks */ = {
			isa = PBXFrameworksBuildPhase;
			buildActionMask = 2147483647;
			files = (
			);
			runOnlyForDeploymentPostprocessing = 0;
		};
		304DBA532D3BF835008732E9 /* Frameworks */ = {
			isa = PBXFrameworksBuildPhase;
			buildActionMask = 2147483647;
			files = (
			);
			runOnlyForDeploymentPostprocessing = 0;
		};
		304DBA5D2D3BF835008732E9 /* Frameworks */ = {
			isa = PBXFrameworksBuildPhase;
			buildActionMask = 2147483647;
			files = (
			);
			runOnlyForDeploymentPostprocessing = 0;
		};
/* End PBXFrameworksBuildPhase section */

/* Begin PBXGroup section */
		304DBA3D2D3BF834008732E9 = {
			isa = PBXGroup;
			children = (
				304DBA482D3BF834008732E9 /* FlickrIMG */,
				304DBA592D3BF835008732E9 /* FlickrIMGTests */,
				304DBA632D3BF835008732E9 /* FlickrIMGUITests */,
				304DBA472D3BF834008732E9 /* Products */,
			);
			sourceTree = "<group>";
		};
		304DBA472D3BF834008732E9 /* Products */ = {
			isa = PBXGroup;
			children = (
				304DBA462D3BF834008732E9 /* FlickrIMG.app */,
				304DBA562D3BF835008732E9 /* FlickrIMGTests.xctest */,
				304DBA602D3BF835008732E9 /* FlickrIMGUITests.xctest */,
			);
			name = Products;
			sourceTree = "<group>";
		};
/* End PBXGroup section */

/* Begin PBXNativeTarget section */
		304DBA452D3BF834008732E9 /* FlickrIMG */ = {
			isa = PBXNativeTarget;
			buildConfigurationList = 304DBA6A2D3BF835008732E9 /* Build configuration list for PBXNativeTarget "FlickrIMG" */;
			buildPhases = (
				304DBA422D3BF834008732E9 /* Sources */,
				304DBA432D3BF834008732E9 /* Frameworks */,
				304DBA442D3BF834008732E9 /* Resources */,
			);
			buildRules = (
			);
			dependencies = (
			);
			fileSystemSynchronizedGroups = (
				304DBA482D3BF834008732E9 /* FlickrIMG */,
			);
			name = FlickrIMG;
			packageProductDependencies = (
			);
			productName = FlickrIMG;
			productReference = 304DBA462D3BF834008732E9 /* FlickrIMG.app */;
			productType = "com.apple.product-type.application";
		};
		304DBA552D3BF835008732E9 /* FlickrIMGTests */ = {
			isa = PBXNativeTarget;
			buildConfigurationList = 304DBA6D2D3BF835008732E9 /* Build configuration list for PBXNativeTarget "FlickrIMGTests" */;
			buildPhases = (
				304DBA522D3BF835008732E9 /* Sources */,
				304DBA532D3BF835008732E9 /* Frameworks */,
				304DBA542D3BF835008732E9 /* Resources */,
			);
			buildRules = (
			);
			dependencies = (
				304DBA582D3BF835008732E9 /* PBXTargetDependency */,
			);
			fileSystemSynchronizedGroups = (
				304DBA592D3BF835008732E9 /* FlickrIMGTests */,
			);
			name = FlickrIMGTests;
			packageProductDependencies = (
			);
			productName = FlickrIMGTests;
			productReference = 304DBA562D3BF835008732E9 /* FlickrIMGTests.xctest */;
			productType = "com.apple.product-type.bundle.unit-test";
		};
		304DBA5F2D3BF835008732E9 /* FlickrIMGUITests */ = {
			isa = PBXNativeTarget;
			buildConfigurationList = 304DBA702D3BF835008732E9 /* Build configuration list for PBXNativeTarget "FlickrIMGUITests" */;
			buildPhases = (
				304DBA5C2D3BF835008732E9 /* Sources */,
				304DBA5D2D3BF835008732E9 /* Frameworks */,
				304DBA5E2D3BF835008732E9 /* Resources */,
			);
			buildRules = (
			);
			dependencies = (
				304DBA622D3BF835008732E9 /* PBXTargetDependency */,
			);
			fileSystemSynchronizedGroups = (
				304DBA632D3BF835008732E9 /* FlickrIMGUITests */,
			);
			name = FlickrIMGUITests;
			packageProductDependencies = (
			);
			productName = FlickrIMGUITests;
			productReference = 304DBA602D3BF835008732E9 /* FlickrIMGUITests.xctest */;
			productType = "com.apple.product-type.bundle.ui-testing";
		};
/* End PBXNativeTarget section */

/* Begin PBXProject section */
		304DBA3E2D3BF834008732E9 /* Project object */ = {
			isa = PBXProject;
			attributes = {
				BuildIndependentTargetsInParallel = 1;
				LastSwiftUpdateCheck = 1620;
				LastUpgradeCheck = 1620;
				TargetAttributes = {
					304DBA452D3BF834008732E9 = {
						CreatedOnToolsVersion = 16.2;
					};
					304DBA552D3BF835008732E9 = {
						CreatedOnToolsVersion = 16.2;
						TestTargetID = 304DBA452D3BF834008732E9;
					};
					304DBA5F2D3BF835008732E9 = {
						CreatedOnToolsVersion = 16.2;
						TestTargetID = 304DBA452D3BF834008732E9;
					};
				};
			};
			buildConfigurationList = 304DBA412D3BF834008732E9 /* Build configuration list for PBXProject "FlickrIMG" */;
			developmentRegion = en;
			hasScannedForEncodings = 0;
			knownRegions = (
				en,
				Base,
			);
			mainGroup = 304DBA3D2D3BF834008732E9;
			minimizedProjectReferenceProxies = 1;
			preferredProjectObjectVersion = 77;
			productRefGroup = 304DBA472D3BF834008732E9 /* Products */;
			projectDirPath = "";
			projectRoot = "";
			targets = (
				304DBA452D3BF834008732E9 /* FlickrIMG */,
				304DBA552D3BF835008732E9 /* FlickrIMGTests */,
				304DBA5F2D3BF835008732E9 /* FlickrIMGUITests */,
			);
		};
/* End PBXProject section */

/* Begin PBXResourcesBuildPhase section */
		304DBA442D3BF834008732E9 /* Resources */ = {
			isa = PBXResourcesBuildPhase;
			buildActionMask = 2147483647;
			files = (
			);
			runOnlyForDeploymentPostprocessing = 0;
		};
		304DBA542D3BF835008732E9 /* Resources */ = {
			isa = PBXResourcesBuildPhase;
			buildActionMask = 2147483647;
			files = (
			);
			runOnlyForDeploymentPostprocessing = 0;
		};
		304DBA5E2D3BF835008732E9 /* Resources */ = {
			isa = PBXResourcesBuildPhase;
			buildActionMask = 2147483647;
			files = (
			);
			runOnlyForDeploymentPostprocessing = 0;
		};
/* End PBXResourcesBuildPhase section */

/* Begin PBXSourcesBuildPhase section */
		304DBA422D3BF834008732E9 /* Sources */ = {
			isa = PBXSourcesBuildPhase;
			buildActionMask = 2147483647;
			files = (
			);
			runOnlyForDeploymentPostprocessing = 0;
		};
		304DBA522D3BF835008732E9 /* Sources */ = {
			isa = PBXSourcesBuildPhase;
			buildActionMask = 2147483647;
			files = (
			);
			runOnlyForDeploymentPostprocessing = 0;
		};
		304DBA5C2D3BF835008732E9 /* Sources */ = {
			isa = PBXSourcesBuildPhase;
			buildActionMask = 2147483647;
			files = (
			);
			runOnlyForDeploymentPostprocessing = 0;
		};
/* End PBXSourcesBuildPhase section */

/* Begin PBXTargetDependency section */
		304DBA582D3BF835008732E9 /* PBXTargetDependency */ = {
			isa = PBXTargetDependency;
			target = 304DBA452D3BF834008732E9 /* FlickrIMG */;
			targetProxy = 304DBA572D3BF835008732E9 /* PBXContainerItemProxy */;
		};
		304DBA622D3BF835008732E9 /* PBXTargetDependency */ = {
			isa = PBXTargetDependency;
			target = 304DBA452D3BF834008732E9 /* FlickrIMG */;
			targetProxy = 304DBA612D3BF835008732E9 /* PBXContainerItemProxy */;
		};
/* End PBXTargetDependency section */

/* Begin XCBuildConfiguration section */
		304DBA682D3BF835008732E9 /* Debug */ = {
			isa = XCBuildConfiguration;
			buildSettings = {
				ALWAYS_SEARCH_USER_PATHS = NO;
				ASSETCATALOG_COMPILER_GENERATE_SWIFT_ASSET_SYMBOL_EXTENSIONS = YES;
				CLANG_ANALYZER_NONNULL = YES;
				CLANG_ANALYZER_NUMBER_OBJECT_CONVERSION = YES_AGGRESSIVE;
				CLANG_CXX_LANGUAGE_STANDARD = "gnu++20";
				CLANG_ENABLE_MODULES = YES;
				CLANG_ENABLE_OBJC_ARC = YES;
				CLANG_ENABLE_OBJC_WEAK = YES;
				CLANG_WARN_BLOCK_CAPTURE_AUTORELEASING = YES;
				CLANG_WARN_BOOL_CONVERSION = YES;
				CLANG_WARN_COMMA = YES;
				CLANG_WARN_CONSTANT_CONVERSION = YES;
				CLANG_WARN_DEPRECATED_OBJC_IMPLEMENTATIONS = YES;
				CLANG_WARN_DIRECT_OBJC_ISA_USAGE = YES_ERROR;
				CLANG_WARN_DOCUMENTATION_COMMENTS = YES;
				CLANG_WARN_EMPTY_BODY = YES;
				CLANG_WARN_ENUM_CONVERSION = YES;
				CLANG_WARN_INFINITE_RECURSION = YES;
				CLANG_WARN_INT_CONVERSION = YES;
				CLANG_WARN_NON_LITERAL_NULL_CONVERSION = YES;
				CLANG_WARN_OBJC_IMPLICIT_RETAIN_SELF = YES;
				CLANG_WARN_OBJC_LITERAL_CONVERSION = YES;
				CLANG_WARN_OBJC_ROOT_CLASS = YES_ERROR;
				CLANG_WARN_QUOTED_INCLUDE_IN_FRAMEWORK_HEADER = YES;
				CLANG_WARN_RANGE_LOOP_ANALYSIS = YES;
				CLANG_WARN_STRICT_PROTOTYPES = YES;
				CLANG_WARN_SUSPICIOUS_MOVE = YES;
				CLANG_WARN_UNGUARDED_AVAILABILITY = YES_AGGRESSIVE;
				CLANG_WARN_UNREACHABLE_CODE = YES;
				CLANG_WARN__DUPLICATE_METHOD_MATCH = YES;
				COPY_PHASE_STRIP = NO;
				DEBUG_INFORMATION_FORMAT = dwarf;
				ENABLE_STRICT_OBJC_MSGSEND = YES;
				ENABLE_TESTABILITY = YES;
				ENABLE_USER_SCRIPT_SANDBOXING = YES;
				GCC_C_LANGUAGE_STANDARD = gnu17;
				GCC_DYNAMIC_NO_PIC = NO;
				GCC_NO_COMMON_BLOCKS = YES;
				GCC_OPTIMIZATION_LEVEL = 0;
				GCC_PREPROCESSOR_DEFINITIONS = (
					"DEBUG=1",
					"$(inherited)",
				);
				GCC_WARN_64_TO_32_BIT_CONVERSION = YES;
				GCC_WARN_ABOUT_RETURN_TYPE = YES_ERROR;
				GCC_WARN_UNDECLARED_SELECTOR = YES;
				GCC_WARN_UNINITIALIZED_AUTOS = YES_AGGRESSIVE;
				GCC_WARN_UNUSED_FUNCTION = YES;
				GCC_WARN_UNUSED_VARIABLE = YES;
				IPHONEOS_DEPLOYMENT_TARGET = 18.2;
				LOCALIZATION_PREFERS_STRING_CATALOGS = YES;
				MTL_ENABLE_DEBUG_INFO = INCLUDE_SOURCE;
				MTL_FAST_MATH = YES;
				ONLY_ACTIVE_ARCH = YES;
				SDKROOT = iphoneos;
				SWIFT_ACTIVE_COMPILATION_CONDITIONS = "DEBUG $(inherited)";
				SWIFT_OPTIMIZATION_LEVEL = "-Onone";
			};
			name = Debug;
		};
		304DBA692D3BF835008732E9 /* Release */ = {
			isa = XCBuildConfiguration;
			buildSettings = {
				ALWAYS_SEARCH_USER_PATHS = NO;
				ASSETCATALOG_COMPILER_GENERATE_SWIFT_ASSET_SYMBOL_EXTENSIONS = YES;
				CLANG_ANALYZER_NONNULL = YES;
				CLANG_ANALYZER_NUMBER_OBJECT_CONVERSION = YES_AGGRESSIVE;
				CLANG_CXX_LANGUAGE_STANDARD = "gnu++20";
				CLANG_ENABLE_MODULES = YES;
				CLANG_ENABLE_OBJC_ARC = YES;
				CLANG_ENABLE_OBJC_WEAK = YES;
				CLANG_WARN_BLOCK_CAPTURE_AUTORELEASING = YES;
				CLANG_WARN_BOOL_CONVERSION = YES;
				CLANG_WARN_COMMA = YES;
				CLANG_WARN_CONSTANT_CONVERSION = YES;
				CLANG_WARN_DEPRECATED_OBJC_IMPLEMENTATIONS = YES;
				CLANG_WARN_DIRECT_OBJC_ISA_USAGE = YES_ERROR;
				CLANG_WARN_DOCUMENTATION_COMMENTS = YES;
				CLANG_WARN_EMPTY_BODY = YES;
				CLANG_WARN_ENUM_CONVERSION = YES;
				CLANG_WARN_INFINITE_RECURSION = YES;
				CLANG_WARN_INT_CONVERSION = YES;
				CLANG_WARN_NON_LITERAL_NULL_CONVERSION = YES;
				CLANG_WARN_OBJC_IMPLICIT_RETAIN_SELF = YES;
				CLANG_WARN_OBJC_LITERAL_CONVERSION = YES;
				CLANG_WARN_OBJC_ROOT_CLASS = YES_ERROR;
				CLANG_WARN_QUOTED_INCLUDE_IN_FRAMEWORK_HEADER = YES;
				CLANG_WARN_RANGE_LOOP_ANALYSIS = YES;
				CLANG_WARN_STRICT_PROTOTYPES = YES;
				CLANG_WARN_SUSPICIOUS_MOVE = YES;
				CLANG_WARN_UNGUARDED_AVAILABILITY = YES_AGGRESSIVE;
				CLANG_WARN_UNREACHABLE_CODE = YES;
				CLANG_WARN__DUPLICATE_METHOD_MATCH = YES;
				COPY_PHASE_STRIP = NO;
				DEBUG_INFORMATION_FORMAT = "dwarf-with-dsym";
				ENABLE_NS_ASSERTIONS = NO;
				ENABLE_STRICT_OBJC_MSGSEND = YES;
				ENABLE_USER_SCRIPT_SANDBOXING = YES;
				GCC_C_LANGUAGE_STANDARD = gnu17;
				GCC_NO_COMMON_BLOCKS = YES;
				GCC_WARN_64_TO_32_BIT_CONVERSION = YES;
				GCC_WARN_ABOUT_RETURN_TYPE = YES_ERROR;
				GCC_WARN_UNDECLARED_SELECTOR = YES;
				GCC_WARN_UNINITIALIZED_AUTOS = YES_AGGRESSIVE;
				GCC_WARN_UNUSED_FUNCTION = YES;
				GCC_WARN_UNUSED_VARIABLE = YES;
				IPHONEOS_DEPLOYMENT_TARGET = 18.2;
				LOCALIZATION_PREFERS_STRING_CATALOGS = YES;
				MTL_ENABLE_DEBUG_INFO = NO;
				MTL_FAST_MATH = YES;
				SDKROOT = iphoneos;
				SWIFT_COMPILATION_MODE = wholemodule;
				VALIDATE_PRODUCT = YES;
			};
			name = Release;
		};
		304DBA6B2D3BF835008732E9 /* Debug */ = {
			isa = XCBuildConfiguration;
			buildSettings = {
				ASSETCATALOG_COMPILER_APPICON_NAME = AppIcon;
				ASSETCATALOG_COMPILER_GLOBAL_ACCENT_COLOR_NAME = AccentColor;
				CODE_SIGN_STYLE = Automatic;
				CURRENT_PROJECT_VERSION = 1;
				DEVELOPMENT_ASSET_PATHS = "\"FlickrIMG/Preview Content\"";
				ENABLE_PREVIEWS = YES;
				GENERATE_INFOPLIST_FILE = YES;
				INFOPLIST_KEY_UIApplicationSceneManifest_Generation = YES;
				INFOPLIST_KEY_UIApplicationSupportsIndirectInputEvents = YES;
				INFOPLIST_KEY_UILaunchScreen_Generation = YES;
				INFOPLIST_KEY_UISupportedInterfaceOrientations_iPad = "UIInterfaceOrientationPortrait UIInterfaceOrientationPortraitUpsideDown UIInterfaceOrientationLandscapeLeft UIInterfaceOrientationLandscapeRight";
				INFOPLIST_KEY_UISupportedInterfaceOrientations_iPhone = "UIInterfaceOrientationPortrait UIInterfaceOrientationLandscapeLeft UIInterfaceOrientationLandscapeRight";
				LD_RUNPATH_SEARCH_PATHS = (
					"$(inherited)",
					"@executable_path/Frameworks",
				);
				MARKETING_VERSION = 1.0;
				PRODUCT_BUNDLE_IDENTIFIER = com.adit.FlickrIMG;
				PRODUCT_NAME = "$(TARGET_NAME)";
				SWIFT_EMIT_LOC_STRINGS = YES;
				SWIFT_VERSION = 5.0;
				TARGETED_DEVICE_FAMILY = "1,2";
			};
			name = Debug;
		};
		304DBA6C2D3BF835008732E9 /* Release */ = {
			isa = XCBuildConfiguration;
			buildSettings = {
				ASSETCATALOG_COMPILER_APPICON_NAME = AppIcon;
				ASSETCATALOG_COMPILER_GLOBAL_ACCENT_COLOR_NAME = AccentColor;
				CODE_SIGN_STYLE = Automatic;
				CURRENT_PROJECT_VERSION = 1;
				DEVELOPMENT_ASSET_PATHS = "\"FlickrIMG/Preview Content\"";
				ENABLE_PREVIEWS = YES;
				GENERATE_INFOPLIST_FILE = YES;
				INFOPLIST_KEY_UIApplicationSceneManifest_Generation = YES;
				INFOPLIST_KEY_UIApplicationSupportsIndirectInputEvents = YES;
				INFOPLIST_KEY_UILaunchScreen_Generation = YES;
				INFOPLIST_KEY_UISupportedInterfaceOrientations_iPad = "UIInterfaceOrientationPortrait UIInterfaceOrientationPortraitUpsideDown UIInterfaceOrientationLandscapeLeft UIInterfaceOrientationLandscapeRight";
				INFOPLIST_KEY_UISupportedInterfaceOrientations_iPhone = "UIInterfaceOrientationPortrait UIInterfaceOrientationLandscapeLeft UIInterfaceOrientationLandscapeRight";
				LD_RUNPATH_SEARCH_PATHS = (
					"$(inherited)",
					"@executable_path/Frameworks",
				);
				MARKETING_VERSION = 1.0;
				PRODUCT_BUNDLE_IDENTIFIER = com.adit.FlickrIMG;
				PRODUCT_NAME = "$(TARGET_NAME)";
				SWIFT_EMIT_LOC_STRINGS = YES;
				SWIFT_VERSION = 5.0;
				TARGETED_DEVICE_FAMILY = "1,2";
			};
			name = Release;
		};
		304DBA6E2D3BF835008732E9 /* Debug */ = {
			isa = XCBuildConfiguration;
			buildSettings = {
				BUNDLE_LOADER = "$(TEST_HOST)";
				CODE_SIGN_STYLE = Automatic;
				CURRENT_PROJECT_VERSION = 1;
				GENERATE_INFOPLIST_FILE = YES;
				IPHONEOS_DEPLOYMENT_TARGET = 18.2;
				MARKETING_VERSION = 1.0;
				PRODUCT_BUNDLE_IDENTIFIER = com.adit.FlickrIMGTests;
				PRODUCT_NAME = "$(TARGET_NAME)";
				SWIFT_EMIT_LOC_STRINGS = NO;
				SWIFT_VERSION = 5.0;
				TARGETED_DEVICE_FAMILY = "1,2";
				TEST_HOST = "$(BUILT_PRODUCTS_DIR)/FlickrIMG.app/$(BUNDLE_EXECUTABLE_FOLDER_PATH)/FlickrIMG";
			};
			name = Debug;
		};
		304DBA6F2D3BF835008732E9 /* Release */ = {
			isa = XCBuildConfiguration;
			buildSettings = {
				BUNDLE_LOADER = "$(TEST_HOST)";
				CODE_SIGN_STYLE = Automatic;
				CURRENT_PROJECT_VERSION = 1;
				GENERATE_INFOPLIST_FILE = YES;
				IPHONEOS_DEPLOYMENT_TARGET = 18.2;
				MARKETING_VERSION = 1.0;
				PRODUCT_BUNDLE_IDENTIFIER = com.adit.FlickrIMGTests;
				PRODUCT_NAME = "$(TARGET_NAME)";
				SWIFT_EMIT_LOC_STRINGS = NO;
				SWIFT_VERSION = 5.0;
				TARGETED_DEVICE_FAMILY = "1,2";
				TEST_HOST = "$(BUILT_PRODUCTS_DIR)/FlickrIMG.app/$(BUNDLE_EXECUTABLE_FOLDER_PATH)/FlickrIMG";
			};
			name = Release;
		};
		304DBA712D3BF835008732E9 /* Debug */ = {
			isa = XCBuildConfiguration;
			buildSettings = {
				CODE_SIGN_STYLE = Automatic;
				CURRENT_PROJECT_VERSION = 1;
				GENERATE_INFOPLIST_FILE = YES;
				MARKETING_VERSION = 1.0;
				PRODUCT_BUNDLE_IDENTIFIER = com.adit.FlickrIMGUITests;
				PRODUCT_NAME = "$(TARGET_NAME)";
				SWIFT_EMIT_LOC_STRINGS = NO;
				SWIFT_VERSION = 5.0;
				TARGETED_DEVICE_FAMILY = "1,2";
				TEST_TARGET_NAME = FlickrIMG;
			};
			name = Debug;
		};
		304DBA722D3BF835008732E9 /* Release */ = {
			isa = XCBuildConfiguration;
			buildSettings = {
				CODE_SIGN_STYLE = Automatic;
				CURRENT_PROJECT_VERSION = 1;
				GENERATE_INFOPLIST_FILE = YES;
				MARKETING_VERSION = 1.0;
				PRODUCT_BUNDLE_IDENTIFIER = com.adit.FlickrIMGUITests;
				PRODUCT_NAME = "$(TARGET_NAME)";
				SWIFT_EMIT_LOC_STRINGS = NO;
				SWIFT_VERSION = 5.0;
				TARGETED_DEVICE_FAMILY = "1,2";
				TEST_TARGET_NAME = FlickrIMG;
			};
			name = Release;
		};
/* End XCBuildConfiguration section */

/* Begin XCConfigurationList section */
		304DBA412D3BF834008732E9 /* Build configuration list for PBXProject "FlickrIMG" */ = {
			isa = XCConfigurationList;
			buildConfigurations = (
				304DBA682D3BF835008732E9 /* Debug */,
				304DBA692D3BF835008732E9 /* Release */,
			);
			defaultConfigurationIsVisible = 0;
			defaultConfigurationName = Release;
		};
		304DBA6A2D3BF835008732E9 /* Build configuration list for PBXNativeTarget "FlickrIMG" */ = {
			isa = XCConfigurationList;
			buildConfigurations = (
				304DBA6B2D3BF835008732E9 /* Debug */,
				304DBA6C2D3BF835008732E9 /* Release */,
			);
			defaultConfigurationIsVisible = 0;
			defaultConfigurationName = Release;
		};
		304DBA6D2D3BF835008732E9 /* Build configuration list for PBXNativeTarget "FlickrIMGTests" */ = {
			isa = XCConfigurationList;
			buildConfigurations = (
				304DBA6E2D3BF835008732E9 /* Debug */,
				304DBA6F2D3BF835008732E9 /* Release */,
			);
			defaultConfigurationIsVisible = 0;
			defaultConfigurationName = Release;
		};
		304DBA702D3BF835008732E9 /* Build configuration list for PBXNativeTarget "FlickrIMGUITests" */ = {
			isa = XCConfigurationList;
			buildConfigurations = (
				304DBA712D3BF835008732E9 /* Debug */,
				304DBA722D3BF835008732E9 /* Release */,
			);
			defaultConfigurationIsVisible = 0;
			defaultConfigurationName = Release;
		};
/* End XCConfigurationList section */
	};
	rootObject = 304DBA3E2D3BF834008732E9 /* Project object */;
}
